{
	"name": "@drmikecrowe/eslint-config-prettier",
	"version": "0.1.2",
	"lockfileVersion": 1,
	"requires": true,
	"dependencies": {
		"eslint-config-prettier": {
			"version": "7.2.0",
			"resolved": "https://registry.npmjs.org/eslint-config-prettier/-/eslint-config-prettier-7.2.0.tgz",
			"integrity": "sha512-rV4Qu0C3nfJKPOAhFujFxB7RMP+URFyQqqOZW9DMRD7ZDTFyjaIlETU3xzHELt++4ugC0+Jm084HQYkkJe+Ivg=="
		},
		"eslint-plugin-prettier": {
			"version": "3.4.0",
			"resolved": "https://registry.npmjs.org/eslint-plugin-prettier/-/eslint-plugin-prettier-3.4.0.tgz",
			"integrity": "sha512-UDK6rJT6INSfcOo545jiaOwB701uAIt2/dR7WnFQoGCVl1/EMqdANBmwUaqqQ45aXprsTGzSa39LI1PyuRBxxw==",
			"requires": {
				"prettier-linter-helpers": "^1.0.0"
			}
		},
		"fast-diff": {
			"version": "1.2.0",
			"resolved": "https://registry.npmjs.org/fast-diff/-/fast-diff-1.2.0.tgz",
			"integrity": "sha512-xJuoT5+L99XlZ8twedaRf6Ax2TgQVxvgZOYoPKqZufmJib0tL2tegPBOZb1pVNgIhlqDlA0eO0c3wBvQcmzx4w=="
		},
		"prettier": {
			"version": "2.3.2",
			"resolved": "https://registry.npmjs.org/prettier/-/prettier-2.3.2.tgz",
			"integrity": "sha512-lnJzDfJ66zkMy58OL5/NY5zp70S7Nz6KqcKkXYzn2tMVrNxvbqaBpg7H3qHaLxCJ5lNMsGuM8+ohS7cZrthdLQ=="
		},
		"prettier-linter-helpers": {
			"version": "1.0.0",
			"resolved": "https://registry.npmjs.org/prettier-linter-helpers/-/prettier-linter-helpers-1.0.0.tgz",
			"integrity": "sha512-GbK2cP9nraSSUF9N2XwUwqfzlAFlMNYYl+ShE/V+H8a9uNl/oUqB1w2EL54Jh0OlyRSd8RfWYJ3coVS4TROP2w==",
			"requires": {
				"fast-diff": "^1.1.2"
			}
		}
	}
}
